
Microsoft Visual Studio Solution File, Format Version 12.00
# Visual Studio 2017
Project("{FAE04EC0-301F-11D3-BF4B-00C04F79EFBC}") = "HTH18", "HTH18.csproj", "{F2424521-9DA5-F5CA-39A2-EAA380CCCD1D}"
EndProject
Project("{FAE04EC0-301F-11D3-BF4B-00C04F79EFBC}") = "HTH18.Editor", "HTH18.Editor.csproj", "{76D70D90-1E94-52CD-E23F-52E3563E4CAE}"
EndProject
Global
	GlobalSection(SolutionConfigurationPlatforms) = preSolution
		Debug|Any CPU = Debug|Any CPU
		Release|Any CPU = Release|Any CPU
	EndGlobalSection
	GlobalSection(ProjectConfigurationPlatforms) = postSolution
		{F2424521-9DA5-F5CA-39A2-EAA380CCCD1D}.Debug|Any CPU.ActiveCfg = Debug|Any CPU
		{F2424521-9DA5-F5CA-39A2-EAA380CCCD1D}.Debug|Any CPU.Build.0 = Debug|Any CPU
		{F2424521-9DA5-F5CA-39A2-EAA380CCCD1D}.Release|Any CPU.ActiveCfg = Release|Any CPU
		{F2424521-9DA5-F5CA-39A2-EAA380CCCD1D}.Release|Any CPU.Build.0 = Release|Any CPU
		{76D70D90-1E94-52CD-E23F-52E3563E4CAE}.Debug|Any CPU.ActiveCfg = Debug|Any CPU
		{76D70D90-1E94-52CD-E23F-52E3563E4CAE}.Debug|Any CPU.Build.0 = Debug|Any CPU
		{76D70D90-1E94-52CD-E23F-52E3563E4CAE}.Release|Any CPU.ActiveCfg = Release|Any CPU
		{76D70D90-1E94-52CD-E23F-52E3563E4CAE}.Release|Any CPU.Build.0 = Release|Any CPU
	EndGlobalSection
	GlobalSection(SolutionProperties) = preSolution
		HideSolutionNode = FALSE
	EndGlobalSection
EndGlobal
